
Microsoft Visual Studio Solution File, Format Version 12.00
# Visual Studio 15
VisualStudioVersion = 15.0.27130.2010
MinimumVisualStudioVersion = 10.0.40219.1
Project("{FAE04EC0-301F-11D3-BF4B-00C04F79EFBC}") = "App1.Android", "App1\App1.Android\App1.Android.csproj", "{2B6AAF70-16AF-4F9E-81AE-DACEED0C8B3A}"
EndProject
Project("{FAE04EC0-301F-11D3-BF4B-00C04F79EFBC}") = "App1.iOS", "App1\App1.iOS\App1.iOS.csproj", "{EF24A2C7-D251-43C1-A4F7-9CA570411916}"
EndProject
Project("{FAE04EC0-301F-11D3-BF4B-00C04F79EFBC}") = "App1.UWP", "App1\App1.UWP\App1.UWP.csproj", "{0CF6E234-7F59-4F85-8469-497E78D905C0}"
EndProject
Project("{D954291E-2A0B-460D-934E-DC6B0785DB48}") = "App1", "App1\App1\App1.shproj", "{C67B4020-723D-4D84-8072-53EF3D8B5DA3}"
EndProject
Global
	GlobalSection(SharedMSBuildProjectFiles) = preSolution
		App1\App1\App1.projitems*{0cf6e234-7f59-4f85-8469-497e78d905c0}*SharedItemsImports = 4
		App1\App1\App1.projitems*{2b6aaf70-16af-4f9e-81ae-daceed0c8b3a}*SharedItemsImports = 4
		App1\App1\App1.projitems*{c67b4020-723d-4d84-8072-53ef3d8b5da3}*SharedItemsImports = 13
		App1\App1\App1.projitems*{ef24a2c7-d251-43c1-a4f7-9ca570411916}*SharedItemsImports = 4
	EndGlobalSection
	GlobalSection(SolutionConfigurationPlatforms) = preSolution
		Ad-Hoc|Any CPU = Ad-Hoc|Any CPU
		Ad-Hoc|ARM = Ad-Hoc|ARM
		Ad-Hoc|iPhone = Ad-Hoc|iPhone
		Ad-Hoc|iPhoneSimulator = Ad-Hoc|iPhoneSimulator
		Ad-Hoc|x64 = Ad-Hoc|x64
		Ad-Hoc|x86 = Ad-Hoc|x86
		AppStore|Any CPU = AppStore|Any CPU
		AppStore|ARM = AppStore|ARM
		AppStore|iPhone = AppStore|iPhone
		AppStore|iPhoneSimulator = AppStore|iPhoneSimulator
		AppStore|x64 = AppStore|x64
		AppStore|x86 = AppStore|x86
		Debug|Any CPU = Debug|Any CPU
		Debug|ARM = Debug|ARM
		Debug|iPhone = Debug|iPhone
		Debug|iPhoneSimulator = Debug|iPhoneSimulator
		Debug|x64 = Debug|x64
		Debug|x86 = Debug|x86
		Release|Any CPU = Release|Any CPU
		Release|ARM = Release|ARM
		Release|iPhone = Release|iPhone
		Release|iPhoneSimulator = Release|iPhoneSimulator
		Release|x64 = Release|x64
		Release|x86 = Release|x86
	EndGlobalSection
	GlobalSection(ProjectConfigurationPlatforms) = postSolution
		{2B6AAF70-16AF-4F9E-81AE-DACEED0C8B3A}.Ad-Hoc|Any CPU.ActiveCfg = Release|Any CPU
		{2B6AAF70-16AF-4F9E-81AE-DACEED0C8B3A}.Ad-Hoc|Any CPU.Build.0 = Release|Any CPU
		{2B6AAF70-16AF-4F9E-81AE-DACEED0C8B3A}.Ad-Hoc|Any CPU.Deploy.0 = Release|Any CPU
		{2B6AAF70-16AF-4F9E-81AE-DACEED0C8B3A}.Ad-Hoc|ARM.ActiveCfg = Release|Any CPU
		{2B6AAF70-16AF-4F9E-81AE-DACEED0C8B3A}.Ad-Hoc|ARM.Build.0 = Release|Any CPU
		{2B6AAF70-16AF-4F9E-81AE-DACEED0C8B3A}.Ad-Hoc|ARM.Deploy.0 = Release|Any CPU
		{2B6AAF70-16AF-4F9E-81AE-DACEED0C8B3A}.Ad-Hoc|iPhone.ActiveCfg = Release|Any CPU
		{2B6AAF70-16AF-4F9E-81AE-DACEED0C8B3A}.Ad-Hoc|iPhone.Build.0 = Release|Any CPU
		{2B6AAF70-16AF-4F9E-81AE-DACEED0C8B3A}.Ad-Hoc|iPhone.Deploy.0 = Release|Any CPU
		{2B6AAF70-16AF-4F9E-81AE-DACEED0C8B3A}.Ad-Hoc|iPhoneSimulator.ActiveCfg = Release|Any CPU
		{2B6AAF70-16AF-4F9E-81AE-DACEED0C8B3A}.Ad-Hoc|iPhoneSimulator.Build.0 = Release|Any CPU
		{2B6AAF70-16AF-4F9E-81AE-DACEED0C8B3A}.Ad-Hoc|iPhoneSimulator.Deploy.0 = Release|Any CPU
		{2B6AAF70-16AF-4F9E-81AE-DACEED0C8B3A}.Ad-Hoc|x64.ActiveCfg = Release|Any CPU
		{2B6AAF70-16AF-4F9E-81AE-DACEED0C8B3A}.Ad-Hoc|x64.Build.0 = Release|Any CPU
		{2B6AAF70-16AF-4F9E-81AE-DACEED0C8B3A}.Ad-Hoc|x64.Deploy.0 = Release|Any CPU
		{2B6AAF70-16AF-4F9E-81AE-DACEED0C8B3A}.Ad-Hoc|x86.ActiveCfg = Release|Any CPU
		{2B6AAF70-16AF-4F9E-81AE-DACEED0C8B3A}.Ad-Hoc|x86.Build.0 = Release|Any CPU
		{2B6AAF70-16AF-4F9E-81AE-DACEED0C8B3A}.Ad-Hoc|x86.Deploy.0 = Release|Any CPU
		{2B6AAF70-16AF-4F9E-81AE-DACEED0C8B3A}.AppStore|Any CPU.ActiveCfg = Release|Any CPU
		{2B6AAF70-16AF-4F9E-81AE-DACEED0C8B3A}.AppStore|Any CPU.Build.0 = Release|Any CPU
		{2B6AAF70-16AF-4F9E-81AE-DACEED0C8B3A}.AppStore|Any CPU.Deploy.0 = Release|Any CPU
		{2B6AAF70-16AF-4F9E-81AE-DACEED0C8B3A}.AppStore|ARM.ActiveCfg = Release|Any CPU
		{2B6AAF70-16AF-4F9E-81AE-DACEED0C8B3A}.AppStore|ARM.Build.0 = Release|Any CPU
		{2B6AAF70-16AF-4F9E-81AE-DACEED0C8B3A}.AppStore|ARM.Deploy.0 = Release|Any CPU
		{2B6AAF70-16AF-4F9E-81AE-DACEED0C8B3A}.AppStore|iPhone.ActiveCfg = Release|Any CPU
		{2B6AAF70-16AF-4F9E-81AE-DACEED0C8B3A}.AppStore|iPhone.Build.0 = Release|Any CPU
		{2B6AAF70-16AF-4F9E-81AE-DACEED0C8B3A}.AppStore|iPhone.Deploy.0 = Release|Any CPU
		{2B6AAF70-16AF-4F9E-81AE-DACEED0C8B3A}.AppStore|iPhoneSimulator.ActiveCfg = Release|Any CPU
		{2B6AAF70-16AF-4F9E-81AE-DACEED0C8B3A}.AppStore|iPhoneSimulator.Build.0 = Release|Any CPU
		{2B6AAF70-16AF-4F9E-81AE-DACEED0C8B3A}.AppStore|iPhoneSimulator.Deploy.0 = Release|Any CPU
		{2B6AAF70-16AF-4F9E-81AE-DACEED0C8B3A}.AppStore|x64.ActiveCfg = Release|Any CPU
		{2B6AAF70-16AF-4F9E-81AE-DACEED0C8B3A}.AppStore|x64.Build.0 = Release|Any CPU
		{2B6AAF70-16AF-4F9E-81AE-DACEED0C8B3A}.AppStore|x64.Deploy.0 = Release|Any CPU
		{2B6AAF70-16AF-4F9E-81AE-DACEED0C8B3A}.AppStore|x86.ActiveCfg = Release|Any CPU
		{2B6AAF70-16AF-4F9E-81AE-DACEED0C8B3A}.AppStore|x86.Build.0 = Release|Any CPU
		{2B6AAF70-16AF-4F9E-81AE-DACEED0C8B3A}.AppStore|x86.Deploy.0 = Release|Any CPU
		{2B6AAF70-16AF-4F9E-81AE-DACEED0C8B3A}.Debug|Any CPU.ActiveCfg = Debug|Any CPU
		{2B6AAF70-16AF-4F9E-81AE-DACEED0C8B3A}.Debug|Any CPU.Build.0 = Debug|Any CPU
		{2B6AAF70-16AF-4F9E-81AE-DACEED0C8B3A}.Debug|Any CPU.Deploy.0 = Debug|Any CPU
		{2B6AAF70-16AF-4F9E-81AE-DACEED0C8B3A}.Debug|ARM.ActiveCfg = Debug|Any CPU
		{2B6AAF70-16AF-4F9E-81AE-DACEED0C8B3A}.Debug|ARM.Build.0 = Debug|Any CPU
		{2B6AAF70-16AF-4F9E-81AE-DACEED0C8B3A}.Debug|ARM.Deploy.0 = Debug|Any CPU
		{2B6AAF70-16AF-4F9E-81AE-DACEED0C8B3A}.Debug|iPhone.ActiveCfg = Debug|Any CPU
		{2B6AAF70-16AF-4F9E-81AE-DACEED0C8B3A}.Debug|iPhone.Build.0 = Debug|Any CPU
		{2B6AAF70-16AF-4F9E-81AE-DACEED0C8B3A}.Debug|iPhone.Deploy.0 = Debug|Any CPU
		{2B6AAF70-16AF-4F9E-81AE-DACEED0C8B3A}.Debug|iPhoneSimulator.ActiveCfg = Debug|Any CPU
		{2B6AAF70-16AF-4F9E-81AE-DACEED0C8B3A}.Debug|iPhoneSimulator.Build.0 = Debug|Any CPU
		{2B6AAF70-16AF-4F9E-81AE-DACEED0C8B3A}.Debug|iPhoneSimulator.Deploy.0 = Debug|Any CPU
		{2B6AAF70-16AF-4F9E-81AE-DACEED0C8B3A}.Debug|x64.ActiveCfg = Debug|Any CPU
		{2B6AAF70-16AF-4F9E-81AE-DACEED0C8B3A}.Debug|x64.Build.0 = Debug|Any CPU
		{2B6AAF70-16AF-4F9E-81AE-DACEED0C8B3A}.Debug|x64.Deploy.0 = Debug|Any CPU
		{2B6AAF70-16AF-4F9E-81AE-DACEED0C8B3A}.Debug|x86.ActiveCfg = Debug|Any CPU
		{2B6AAF70-16AF-4F9E-81AE-DACEED0C8B3A}.Debug|x86.Build.0 = Debug|Any CPU
		{2B6AAF70-16AF-4F9E-81AE-DACEED0C8B3A}.Debug|x86.Deploy.0 = Debug|Any CPU
		{2B6AAF70-16AF-4F9E-81AE-DACEED0C8B3A}.Release|Any CPU.ActiveCfg = Release|Any CPU
		{2B6AAF70-16AF-4F9E-81AE-DACEED0C8B3A}.Release|Any CPU.Build.0 = Release|Any CPU
		{2B6AAF70-16AF-4F9E-81AE-DACEED0C8B3A}.Release|Any CPU.Deploy.0 = Release|Any CPU
		{2B6AAF70-16AF-4F9E-81AE-DACEED0C8B3A}.Release|ARM.ActiveCfg = Release|Any CPU
		{2B6AAF70-16AF-4F9E-81AE-DACEED0C8B3A}.Release|ARM.Build.0 = Release|Any CPU
		{2B6AAF70-16AF-4F9E-81AE-DACEED0C8B3A}.Release|ARM.Deploy.0 = Release|Any CPU
		{2B6AAF70-16AF-4F9E-81AE-DACEED0C8B3A}.Release|iPhone.ActiveCfg = Release|Any CPU
		{2B6AAF70-16AF-4F9E-81AE-DACEED0C8B3A}.Release|iPhone.Build.0 = Release|Any CPU
		{2B6AAF70-16AF-4F9E-81AE-DACEED0C8B3A}.Release|iPhone.Deploy.0 = Release|Any CPU
		{2B6AAF70-16AF-4F9E-81AE-DACEED0C8B3A}.Release|iPhoneSimulator.ActiveCfg = Release|Any CPU
		{2B6AAF70-16AF-4F9E-81AE-DACEED0C8B3A}.Release|iPhoneSimulator.Build.0 = Release|Any CPU
		{2B6AAF70-16AF-4F9E-81AE-DACEED0C8B3A}.Release|iPhoneSimulator.Deploy.0 = Release|Any CPU
		{2B6AAF70-16AF-4F9E-81AE-DACEED0C8B3A}.Release|x64.ActiveCfg = Release|Any CPU
		{2B6AAF70-16AF-4F9E-81AE-DACEED0C8B3A}.Release|x64.Build.0 = Release|Any CPU
		{2B6AAF70-16AF-4F9E-81AE-DACEED0C8B3A}.Release|x64.Deploy.0 = Release|Any CPU
		{2B6AAF70-16AF-4F9E-81AE-DACEED0C8B3A}.Release|x86.ActiveCfg = Release|Any CPU
		{2B6AAF70-16AF-4F9E-81AE-DACEED0C8B3A}.Release|x86.Build.0 = Release|Any CPU
		{2B6AAF70-16AF-4F9E-81AE-DACEED0C8B3A}.Release|x86.Deploy.0 = Release|Any CPU
		{EF24A2C7-D251-43C1-A4F7-9CA570411916}.Ad-Hoc|Any CPU.ActiveCfg = Ad-Hoc|iPhone
		{EF24A2C7-D251-43C1-A4F7-9CA570411916}.Ad-Hoc|ARM.ActiveCfg = Ad-Hoc|iPhone
		{EF24A2C7-D251-43C1-A4F7-9CA570411916}.Ad-Hoc|iPhone.ActiveCfg = Ad-Hoc|iPhone
		{EF24A2C7-D251-43C1-A4F7-9CA570411916}.Ad-Hoc|iPhone.Build.0 = Ad-Hoc|iPhone
		{EF24A2C7-D251-43C1-A4F7-9CA570411916}.Ad-Hoc|iPhoneSimulator.ActiveCfg = Ad-Hoc|iPhoneSimulator
		{EF24A2C7-D251-43C1-A4F7-9CA570411916}.Ad-Hoc|iPhoneSimulator.Build.0 = Ad-Hoc|iPhoneSimulator
		{EF24A2C7-D251-43C1-A4F7-9CA570411916}.Ad-Hoc|x64.ActiveCfg = Ad-Hoc|iPhone
		{EF24A2C7-D251-43C1-A4F7-9CA570411916}.Ad-Hoc|x86.ActiveCfg = Ad-Hoc|iPhone
		{EF24A2C7-D251-43C1-A4F7-9CA570411916}.AppStore|Any CPU.ActiveCfg = AppStore|iPhone
		{EF24A2C7-D251-43C1-A4F7-9CA570411916}.AppStore|ARM.ActiveCfg = AppStore|iPhone
		{EF24A2C7-D251-43C1-A4F7-9CA570411916}.AppStore|iPhone.ActiveCfg = AppStore|iPhone
		{EF24A2C7-D251-43C1-A4F7-9CA570411916}.AppStore|iPhone.Build.0 = AppStore|iPhone
		{EF24A2C7-D251-43C1-A4F7-9CA570411916}.AppStore|iPhoneSimulator.ActiveCfg = AppStore|iPhoneSimulator
		{EF24A2C7-D251-43C1-A4F7-9CA570411916}.AppStore|iPhoneSimulator.Build.0 = AppStore|iPhoneSimulator
		{EF24A2C7-D251-43C1-A4F7-9CA570411916}.AppStore|x64.ActiveCfg = AppStore|iPhone
		{EF24A2C7-D251-43C1-A4F7-9CA570411916}.AppStore|x86.ActiveCfg = AppStore|iPhone
		{EF24A2C7-D251-43C1-A4F7-9CA570411916}.Debug|Any CPU.ActiveCfg = Debug|iPhone
		{EF24A2C7-D251-43C1-A4F7-9CA570411916}.Debug|ARM.ActiveCfg = Debug|iPhone
		{EF24A2C7-D251-43C1-A4F7-9CA570411916}.Debug|iPhone.ActiveCfg = Debug|iPhone
		{EF24A2C7-D251-43C1-A4F7-9CA570411916}.Debug|iPhone.Build.0 = Debug|iPhone
		{EF24A2C7-D251-43C1-A4F7-9CA570411916}.Debug|iPhoneSimulator.ActiveCfg = Debug|iPhoneSimulator
		{EF24A2C7-D251-43C1-A4F7-9CA570411916}.Debug|iPhoneSimulator.Build.0 = Debug|iPhoneSimulator
		{EF24A2C7-D251-43C1-A4F7-9CA570411916}.Debug|x64.ActiveCfg = Debug|iPhone
		{EF24A2C7-D251-43C1-A4F7-9CA570411916}.Debug|x86.ActiveCfg = Debug|iPhone
		{EF24A2C7-D251-43C1-A4F7-9CA570411916}.Release|Any CPU.ActiveCfg = Release|iPhone
		{EF24A2C7-D251-43C1-A4F7-9CA570411916}.Release|ARM.ActiveCfg = Release|iPhone
		{EF24A2C7-D251-43C1-A4F7-9CA570411916}.Release|iPhone.ActiveCfg = Release|iPhone
		{EF24A2C7-D251-43C1-A4F7-9CA570411916}.Release|iPhone.Build.0 = Release|iPhone
		{EF24A2C7-D251-43C1-A4F7-9CA570411916}.Release|iPhoneSimulator.ActiveCfg = Release|iPhoneSimulator
		{EF24A2C7-D251-43C1-A4F7-9CA570411916}.Release|iPhoneSimulator.Build.0 = Release|iPhoneSimulator
		{EF24A2C7-D251-43C1-A4F7-9CA570411916}.Release|x64.ActiveCfg = Release|iPhone
		{EF24A2C7-D251-43C1-A4F7-9CA570411916}.Release|x86.ActiveCfg = Release|iPhone
		{0CF6E234-7F59-4F85-8469-497E78D905C0}.Ad-Hoc|Any CPU.ActiveCfg = Release|x86
		{0CF6E234-7F59-4F85-8469-497E78D905C0}.Ad-Hoc|Any CPU.Build.0 = Release|x86
		{0CF6E234-7F59-4F85-8469-497E78D905C0}.Ad-Hoc|Any CPU.Deploy.0 = Release|x86
		{0CF6E234-7F59-4F85-8469-497E78D905C0}.Ad-Hoc|ARM.ActiveCfg = Release|ARM
		{0CF6E234-7F59-4F85-8469-497E78D905C0}.Ad-Hoc|ARM.Build.0 = Release|ARM
		{0CF6E234-7F59-4F85-8469-497E78D905C0}.Ad-Hoc|ARM.Deploy.0 = Release|ARM
		{0CF6E234-7F59-4F85-8469-497E78D905C0}.Ad-Hoc|iPhone.ActiveCfg = Release|x86
		{0CF6E234-7F59-4F85-8469-497E78D905C0}.Ad-Hoc|iPhone.Build.0 = Release|x86
		{0CF6E234-7F59-4F85-8469-497E78D905C0}.Ad-Hoc|iPhone.Deploy.0 = Release|x86
		{0CF6E234-7F59-4F85-8469-497E78D905C0}.Ad-Hoc|iPhoneSimulator.ActiveCfg = Release|x86
		{0CF6E234-7F59-4F85-8469-497E78D905C0}.Ad-Hoc|iPhoneSimulator.Build.0 = Release|x86
		{0CF6E234-7F59-4F85-8469-497E78D905C0}.Ad-Hoc|iPhoneSimulator.Deploy.0 = Release|x86
		{0CF6E234-7F59-4F85-8469-497E78D905C0}.Ad-Hoc|x64.ActiveCfg = Release|x64
		{0CF6E234-7F59-4F85-8469-497E78D905C0}.Ad-Hoc|x64.Build.0 = Release|x64
		{0CF6E234-7F59-4F85-8469-497E78D905C0}.Ad-Hoc|x64.Deploy.0 = Release|x64
		{0CF6E234-7F59-4F85-8469-497E78D905C0}.Ad-Hoc|x86.ActiveCfg = Release|x86
		{0CF6E234-7F59-4F85-8469-497E78D905C0}.Ad-Hoc|x86.Build.0 = Release|x86
		{0CF6E234-7F59-4F85-8469-497E78D905C0}.Ad-Hoc|x86.Deploy.0 = Release|x86
		{0CF6E234-7F59-4F85-8469-497E78D905C0}.AppStore|Any CPU.ActiveCfg = Release|x86
		{0CF6E234-7F59-4F85-8469-497E78D905C0}.AppStore|Any CPU.Build.0 = Release|x86
		{0CF6E234-7F59-4F85-8469-497E78D905C0}.AppStore|Any CPU.Deploy.0 = Release|x86
		{0CF6E234-7F59-4F85-8469-497E78D905C0}.AppStore|ARM.ActiveCfg = Release|ARM
		{0CF6E234-7F59-4F85-8469-497E78D905C0}.AppStore|ARM.Build.0 = Release|ARM
		{0CF6E234-7F59-4F85-8469-497E78D905C0}.AppStore|ARM.Deploy.0 = Release|ARM
		{0CF6E234-7F59-4F85-8469-497E78D905C0}.AppStore|iPhone.ActiveCfg = Release|x86
		{0CF6E234-7F59-4F85-8469-497E78D905C0}.AppStore|iPhone.Build.0 = Release|x86
		{0CF6E234-7F59-4F85-8469-497E78D905C0}.AppStore|iPhone.Deploy.0 = Release|x86
		{0CF6E234-7F59-4F85-8469-497E78D905C0}.AppStore|iPhoneSimulator.ActiveCfg = Release|x86
		{0CF6E234-7F59-4F85-8469-497E78D905C0}.AppStore|iPhoneSimulator.Build.0 = Release|x86
		{0CF6E234-7F59-4F85-8469-497E78D905C0}.AppStore|iPhoneSimulator.Deploy.0 = Release|x86
		{0CF6E234-7F59-4F85-8469-497E78D905C0}.AppStore|x64.ActiveCfg = Release|x64
		{0CF6E234-7F59-4F85-8469-497E78D905C0}.AppStore|x64.Build.0 = Release|x64
		{0CF6E234-7F59-4F85-8469-497E78D905C0}.AppStore|x64.Deploy.0 = Release|x64
		{0CF6E234-7F59-4F85-8469-497E78D905C0}.AppStore|x86.ActiveCfg = Release|x86
		{0CF6E234-7F59-4F85-8469-497E78D905C0}.AppStore|x86.Build.0 = Release|x86
		{0CF6E234-7F59-4F85-8469-497E78D905C0}.AppStore|x86.Deploy.0 = Release|x86
		{0CF6E234-7F59-4F85-8469-497E78D905C0}.Debug|Any CPU.ActiveCfg = Debug|x86
		{0CF6E234-7F59-4F85-8469-497E78D905C0}.Debug|ARM.ActiveCfg = Debug|ARM
		{0CF6E234-7F59-4F85-8469-497E78D905C0}.Debug|ARM.Build.0 = Debug|ARM
		{0CF6E234-7F59-4F85-8469-497E78D905C0}.Debug|ARM.Deploy.0 = Debug|ARM
		{0CF6E234-7F59-4F85-8469-497E78D905C0}.Debug|iPhone.ActiveCfg = Debug|x86
		{0CF6E234-7F59-4F85-8469-497E78D905C0}.Debug|iPhoneSimulator.ActiveCfg = Debug|x86
		{0CF6E234-7F59-4F85-8469-497E78D905C0}.Debug|x64.ActiveCfg = Debug|x64
		{0CF6E234-7F59-4F85-8469-497E78D905C0}.Debug|x64.Build.0 = Debug|x64
		{0CF6E234-7F59-4F85-8469-497E78D905C0}.Debug|x64.Deploy.0 = Debug|x64
		{0CF6E234-7F59-4F85-8469-497E78D905C0}.Debug|x86.ActiveCfg = Debug|x86
		{0CF6E234-7F59-4F85-8469-497E78D905C0}.Debug|x86.Build.0 = Debug|x86
		{0CF6E234-7F59-4F85-8469-497E78D905C0}.Debug|x86.Deploy.0 = Debug|x86
		{0CF6E234-7F59-4F85-8469-497E78D905C0}.Release|Any CPU.ActiveCfg = Release|x86
		{0CF6E234-7F59-4F85-8469-497E78D905C0}.Release|ARM.ActiveCfg = Release|ARM
		{0CF6E234-7F59-4F85-8469-497E78D905C0}.Release|ARM.Build.0 = Release|ARM
		{0CF6E234-7F59-4F85-8469-497E78D905C0}.Release|ARM.Deploy.0 = Release|ARM
		{0CF6E234-7F59-4F85-8469-497E78D905C0}.Release|iPhone.ActiveCfg = Release|x86
		{0CF6E234-7F59-4F85-8469-497E78D905C0}.Release|iPhoneSimulator.ActiveCfg = Release|x86
		{0CF6E234-7F59-4F85-8469-497E78D905C0}.Release|x64.ActiveCfg = Release|x64
		{0CF6E234-7F59-4F85-8469-497E78D905C0}.Release|x64.Build.0 = Release|x64
		{0CF6E234-7F59-4F85-8469-497E78D905C0}.Release|x64.Deploy.0 = Release|x64
		{0CF6E234-7F59-4F85-8469-497E78D905C0}.Release|x86.ActiveCfg = Release|x86
		{0CF6E234-7F59-4F85-8469-497E78D905C0}.Release|x86.Build.0 = Release|x86
		{0CF6E234-7F59-4F85-8469-497E78D905C0}.Release|x86.Deploy.0 = Release|x86
	EndGlobalSection
	GlobalSection(SolutionProperties) = preSolution
		HideSolutionNode = FALSE
	EndGlobalSection
	GlobalSection(ExtensibilityGlobals) = postSolution
		SolutionGuid = {400803CB-25F3-4241-A28C-E491CF557263}
	EndGlobalSection
EndGlobal
